
Microsoft Visual Studio Solution File, Format Version 12.00
# Visual Studio 14
VisualStudioVersion = 14.0.25420.1
MinimumVisualStudioVersion = 10.0.40219.1
Project("{FAE04EC0-301F-11D3-BF4B-00C04F79EFBC}") = "X12translator", "X12translator\X12translator.csproj", "{5BA3CAA7-DB55-4A4E-B479-1B4C5AFE6770}"
EndProject
Project("{FAE04EC0-301F-11D3-BF4B-00C04F79EFBC}") = "TestGUI", "TestGUI\TestGUI.csproj", "{184CDCF6-E520-4852-8E53-ACB0AD8D7B66}"
EndProject
Global
	GlobalSection(SolutionConfigurationPlatforms) = preSolution
		Debug|Any CPU = Debug|Any CPU
		Release|Any CPU = Release|Any CPU
	EndGlobalSection
	GlobalSection(ProjectConfigurationPlatforms) = postSolution
		{5BA3CAA7-DB55-4A4E-B479-1B4C5AFE6770}.Debug|Any CPU.ActiveCfg = Debug|Any CPU
		{5BA3CAA7-DB55-4A4E-B479-1B4C5AFE6770}.Debug|Any CPU.Build.0 = Debug|Any CPU
		{5BA3CAA7-DB55-4A4E-B479-1B4C5AFE6770}.Release|Any CPU.ActiveCfg = Release|Any CPU
		{5BA3CAA7-DB55-4A4E-B479-1B4C5AFE6770}.Release|Any CPU.Build.0 = Release|Any CPU
		{184CDCF6-E520-4852-8E53-ACB0AD8D7B66}.Debug|Any CPU.ActiveCfg = Debug|Any CPU
		{184CDCF6-E520-4852-8E53-ACB0AD8D7B66}.Debug|Any CPU.Build.0 = Debug|Any CPU
		{184CDCF6-E520-4852-8E53-ACB0AD8D7B66}.Release|Any CPU.ActiveCfg = Release|Any CPU
		{184CDCF6-E520-4852-8E53-ACB0AD8D7B66}.Release|Any CPU.Build.0 = Release|Any CPU
	EndGlobalSection
	GlobalSection(SolutionProperties) = preSolution
		HideSolutionNode = FALSE
	EndGlobalSection
EndGlobal
